containers:
  bozemanpass/stack-test-static-content:
    ref: github.com/bozemanpass/stack-test-static-content
    hash: 207308a9188de99988509f93c11a77baaba20871
wrappers:
  static-content:
    ref: github.com/bozemanpass/stack-wrapper-static-content
    hash: 91fb1e11538b67b5d7cbbde3570c7d2f3153f087
